
Microsoft Visual Studio Solution File, Format Version 12.00
# Visual Studio Version 17
VisualStudioVersion = 17.11.35303.130
MinimumVisualStudioVersion = 10.0.40219.1
Project("{9A19103F-16F7-4668-BE54-9A1E7A4F7556}") = "Task2.2", "ConsoleApp1\Task2.2.csproj", "{3835AA48-D05B-4906-ABCF-DA45FE65175E}"
EndProject
Project("{FAE04EC0-301F-11D3-BF4B-00C04F79EFBC}") = "Task3", "Task3\Task3.csproj", "{2909247E-0BAF-4D02-9C33-710269EF09A6}"
EndProject
Global
	GlobalSection(SolutionConfigurationPlatforms) = preSolution
		Debug|Any CPU = Debug|Any CPU
		Release|Any CPU = Release|Any CPU
	EndGlobalSection
	GlobalSection(ProjectConfigurationPlatforms) = postSolution
		{3835AA48-D05B-4906-ABCF-DA45FE65175E}.Debug|Any CPU.ActiveCfg = Debug|Any CPU
		{3835AA48-D05B-4906-ABCF-DA45FE65175E}.Debug|Any CPU.Build.0 = Debug|Any CPU
		{3835AA48-D05B-4906-ABCF-DA45FE65175E}.Release|Any CPU.ActiveCfg = Release|Any CPU
		{3835AA48-D05B-4906-ABCF-DA45FE65175E}.Release|Any CPU.Build.0 = Release|Any CPU
		{2909247E-0BAF-4D02-9C33-710269EF09A6}.Debug|Any CPU.ActiveCfg = Debug|Any CPU
		{2909247E-0BAF-4D02-9C33-710269EF09A6}.Debug|Any CPU.Build.0 = Debug|Any CPU
		{2909247E-0BAF-4D02-9C33-710269EF09A6}.Release|Any CPU.ActiveCfg = Release|Any CPU
		{2909247E-0BAF-4D02-9C33-710269EF09A6}.Release|Any CPU.Build.0 = Release|Any CPU
	EndGlobalSection
	GlobalSection(SolutionProperties) = preSolution
		HideSolutionNode = FALSE
	EndGlobalSection
	GlobalSection(ExtensibilityGlobals) = postSolution
		SolutionGuid = {3B84DAF2-59AE-47A2-A924-945DF414BEDE}
	EndGlobalSection
EndGlobal
